
Microsoft Visual Studio Solution File, Format Version 12.00
# Visual Studio Version 17
VisualStudioVersion = 17.14.36811.4 d17.14
MinimumVisualStudioVersion = 10.0.40219.1
Project("{FAE04EC0-301F-11D3-BF4B-00C04F79EFBC}") = "CarRentalAPI", "CarRentalAPI\CarRentalAPI.csproj", "{54345113-5F11-4D04-AAAC-5BC0469E02FD}"
EndProject
Global
	GlobalSection(SolutionConfigurationPlatforms) = preSolution
		Debug|Any CPU = Debug|Any CPU
		Release|Any CPU = Release|Any CPU
	EndGlobalSection
	GlobalSection(ProjectConfigurationPlatforms) = postSolution
		{54345113-5F11-4D04-AAAC-5BC0469E02FD}.Debug|Any CPU.ActiveCfg = Debug|Any CPU
		{54345113-5F11-4D04-AAAC-5BC0469E02FD}.Debug|Any CPU.Build.0 = Debug|Any CPU
		{54345113-5F11-4D04-AAAC-5BC0469E02FD}.Release|Any CPU.ActiveCfg = Release|Any CPU
		{54345113-5F11-4D04-AAAC-5BC0469E02FD}.Release|Any CPU.Build.0 = Release|Any CPU
	EndGlobalSection
	GlobalSection(SolutionProperties) = preSolution
		HideSolutionNode = FALSE
	EndGlobalSection
	GlobalSection(ExtensibilityGlobals) = postSolution
		SolutionGuid = {1CE9452A-5A3F-4877-A79E-700B527563A4}
	EndGlobalSection
EndGlobal
